// !$*UTF8*$!
{
	archiveVersion = 1;
	classes = {
	};
	objectVersion = 56;
	objects = {

/* Begin PBXBuildFile section */
		15453B8E2A5D04230087A8B8 /* AppDelegate.swift in Sources */ = {isa = PBXBuildFile; fileRef = 15453B8D2A5D04230087A8B8 /* AppDelegate.swift */; };
		15453B902A5D04230087A8B8 /* SceneDelegate.swift in Sources */ = {isa = PBXBuildFile; fileRef = 15453B8F2A5D04230087A8B8 /* SceneDelegate.swift */; };
		15453B922A5D04230087A8B8 /* MainViewController.swift in Sources */ = {isa = PBXBuildFile; fileRef = 15453B912A5D04230087A8B8 /* MainViewController.swift */; };
		15453B952A5D04230087A8B8 /* Main.storyboard in Resources */ = {isa = PBXBuildFile; fileRef = 15453B932A5D04230087A8B8 /* Main.storyboard */; };
		15453B982A5D04230087A8B8 /* FoodOrder.xcdatamodeld in Sources */ = {isa = PBXBuildFile; fileRef = 15453B962A5D04230087A8B8 /* FoodOrder.xcdatamodeld */; };
		15453B9A2A5D04250087A8B8 /* Assets.xcassets in Resources */ = {isa = PBXBuildFile; fileRef = 15453B992A5D04250087A8B8 /* Assets.xcassets */; };
		15453B9D2A5D04250087A8B8 /* LaunchScreen.storyboard in Resources */ = {isa = PBXBuildFile; fileRef = 15453B9B2A5D04250087A8B8 /* LaunchScreen.storyboard */; };
		15C8BA562A5D08DF00C12C98 /* MainPresenter.swift in Sources */ = {isa = PBXBuildFile; fileRef = 15C8BA552A5D08DF00C12C98 /* MainPresenter.swift */; };
		15C8BA592A5D08FF00C12C98 /* MainInteractor.swift in Sources */ = {isa = PBXBuildFile; fileRef = 15C8BA582A5D08FF00C12C98 /* MainInteractor.swift */; };
		15C8BA5B2A5D091300C12C98 /* MainRouter.swift in Sources */ = {isa = PBXBuildFile; fileRef = 15C8BA5A2A5D091300C12C98 /* MainRouter.swift */; };
		15C8BA5D2A5D092C00C12C98 /* MainConfigurator.swift in Sources */ = {isa = PBXBuildFile; fileRef = 15C8BA5C2A5D092C00C12C98 /* MainConfigurator.swift */; };
		15C8BA612A5D0D7400C12C98 /* NavigationBarView.swift in Sources */ = {isa = PBXBuildFile; fileRef = 15C8BA602A5D0D7400C12C98 /* NavigationBarView.swift */; };
		15C8BA642A5D0FB700C12C98 /* TabBarViewController.swift in Sources */ = {isa = PBXBuildFile; fileRef = 15C8BA632A5D0FB700C12C98 /* TabBarViewController.swift */; };
		15C8BA662A5D100000C12C98 /* ViewController.swift in Sources */ = {isa = PBXBuildFile; fileRef = 15C8BA652A5D100000C12C98 /* ViewController.swift */; };
		15C8BA6A2A5D276800C12C98 /* Location.swift in Sources */ = {isa = PBXBuildFile; fileRef = 15C8BA692A5D276800C12C98 /* Location.swift */; };
		15C8BA6D2A5D368900C12C98 /* CategoryCollectionView.swift in Sources */ = {isa = PBXBuildFile; fileRef = 15C8BA6C2A5D368900C12C98 /* CategoryCollectionView.swift */; };
		15C8BA702A5D36BC00C12C98 /* ModelCategory.swift in Sources */ = {isa = PBXBuildFile; fileRef = 15C8BA6F2A5D36BC00C12C98 /* ModelCategory.swift */; };
		15C8BA722A5D36CF00C12C98 /* CategoryCollectionViewCell.swift in Sources */ = {isa = PBXBuildFile; fileRef = 15C8BA712A5D36CF00C12C98 /* CategoryCollectionViewCell.swift */; };
		15C8BA752A5E45A600C12C98 /* CategoryViewController.swift in Sources */ = {isa = PBXBuildFile; fileRef = 15C8BA742A5E45A600C12C98 /* CategoryViewController.swift */; };
		15C8BA772A5E45B400C12C98 /* CategoryPresenter.swift in Sources */ = {isa = PBXBuildFile; fileRef = 15C8BA762A5E45B400C12C98 /* CategoryPresenter.swift */; };
		15C8BA792A5E45BF00C12C98 /* CategoryInteractor.swift in Sources */ = {isa = PBXBuildFile; fileRef = 15C8BA782A5E45BF00C12C98 /* CategoryInteractor.swift */; };
		15C8BA7B2A5E45D200C12C98 /* CategoryRouter.swift in Sources */ = {isa = PBXBuildFile; fileRef = 15C8BA7A2A5E45D200C12C98 /* CategoryRouter.swift */; };
		15C8BA7D2A5E45E000C12C98 /* CategoryConfigurator.swift in Sources */ = {isa = PBXBuildFile; fileRef = 15C8BA7C2A5E45E000C12C98 /* CategoryConfigurator.swift */; };
		15C8BA812A5E530900C12C98 /* CategoryProductCollectionView.swift in Sources */ = {isa = PBXBuildFile; fileRef = 15C8BA802A5E530900C12C98 /* CategoryProductCollectionView.swift */; };
		15C8BA832A5E531300C12C98 /* CategoryProductCollectionViewCell.swift in Sources */ = {isa = PBXBuildFile; fileRef = 15C8BA822A5E531300C12C98 /* CategoryProductCollectionViewCell.swift */; };
		15C8BA862A5E57D000C12C98 /* ProductCollectionViewCell.swift in Sources */ = {isa = PBXBuildFile; fileRef = 15C8BA852A5E57D000C12C98 /* ProductCollectionViewCell.swift */; };
		15C8BA882A5E57DA00C12C98 /* ProductCollectionView.swift in Sources */ = {isa = PBXBuildFile; fileRef = 15C8BA872A5E57DA00C12C98 /* ProductCollectionView.swift */; };
		15C8BA8C2A5E7EAE00C12C98 /* ProductViewController.swift in Sources */ = {isa = PBXBuildFile; fileRef = 15C8BA8B2A5E7EAE00C12C98 /* ProductViewController.swift */; };
		15C8BA8E2A5E7EBC00C12C98 /* ProductPresenter.swift in Sources */ = {isa = PBXBuildFile; fileRef = 15C8BA8D2A5E7EBC00C12C98 /* ProductPresenter.swift */; };
		15C8BA902A5E7ECB00C12C98 /* ProductInteractor.swift in Sources */ = {isa = PBXBuildFile; fileRef = 15C8BA8F2A5E7ECB00C12C98 /* ProductInteractor.swift */; };
		15C8BA922A5E7ED700C12C98 /* ProductRouter.swift in Sources */ = {isa = PBXBuildFile; fileRef = 15C8BA912A5E7ED700C12C98 /* ProductRouter.swift */; };
		15C8BA942A5E7EE500C12C98 /* ProductConfigurator.swift in Sources */ = {isa = PBXBuildFile; fileRef = 15C8BA932A5E7EE500C12C98 /* ProductConfigurator.swift */; };
		15C8BA962A5E80B300C12C98 /* ProductView.swift in Sources */ = {isa = PBXBuildFile; fileRef = 15C8BA952A5E80B300C12C98 /* ProductView.swift */; };
/* End PBXBuildFile section */

/* Begin PBXFileReference section */
		15453B8A2A5D04230087A8B8 /* FoodOrder.app */ = {isa = PBXFileReference; explicitFileType = wrapper.application; includeInIndex = 0; path = FoodOrder.app; sourceTree = BUILT_PRODUCTS_DIR; };
		15453B8D2A5D04230087A8B8 /* AppDelegate.swift */ = {isa = PBXFileReference; lastKnownFileType = sourcecode.swift; path = AppDelegate.swift; sourceTree = "<group>"; };
		15453B8F2A5D04230087A8B8 /* SceneDelegate.swift */ = {isa = PBXFileReference; lastKnownFileType = sourcecode.swift; path = SceneDelegate.swift; sourceTree = "<group>"; };
		15453B912A5D04230087A8B8 /* MainViewController.swift */ = {isa = PBXFileReference; lastKnownFileType = sourcecode.swift; path = MainViewController.swift; sourceTree = "<group>"; };
		15453B942A5D04230087A8B8 /* Base */ = {isa = PBXFileReference; lastKnownFileType = file.storyboard; name = Base; path = Base.lproj/Main.storyboard; sourceTree = "<group>"; };
		15453B972A5D04230087A8B8 /* FoodOrder.xcdatamodel */ = {isa = PBXFileReference; lastKnownFileType = wrapper.xcdatamodel; path = FoodOrder.xcdatamodel; sourceTree = "<group>"; };
		15453B992A5D04250087A8B8 /* Assets.xcassets */ = {isa = PBXFileReference; lastKnownFileType = folder.assetcatalog; path = Assets.xcassets; sourceTree = "<group>"; };
		15453B9C2A5D04250087A8B8 /* Base */ = {isa = PBXFileReference; lastKnownFileType = file.storyboard; name = Base; path = Base.lproj/LaunchScreen.storyboard; sourceTree = "<group>"; };
		15453B9E2A5D04250087A8B8 /* Info.plist */ = {isa = PBXFileReference; lastKnownFileType = text.plist.xml; path = Info.plist; sourceTree = "<group>"; };
		15C8BA552A5D08DF00C12C98 /* MainPresenter.swift */ = {isa = PBXFileReference; lastKnownFileType = sourcecode.swift; path = MainPresenter.swift; sourceTree = "<group>"; };
		15C8BA582A5D08FF00C12C98 /* MainInteractor.swift */ = {isa = PBXFileReference; lastKnownFileType = sourcecode.swift; path = MainInteractor.swift; sourceTree = "<group>"; };
		15C8BA5A2A5D091300C12C98 /* MainRouter.swift */ = {isa = PBXFileReference; lastKnownFileType = sourcecode.swift; path = MainRouter.swift; sourceTree = "<group>"; };
		15C8BA5C2A5D092C00C12C98 /* MainConfigurator.swift */ = {isa = PBXFileReference; lastKnownFileType = sourcecode.swift; path = MainConfigurator.swift; sourceTree = "<group>"; };
		15C8BA602A5D0D7400C12C98 /* NavigationBarView.swift */ = {isa = PBXFileReference; lastKnownFileType = sourcecode.swift; path = NavigationBarView.swift; sourceTree = "<group>"; usesTabs = 0; };
		15C8BA632A5D0FB700C12C98 /* TabBarViewController.swift */ = {isa = PBXFileReference; lastKnownFileType = sourcecode.swift; path = TabBarViewController.swift; sourceTree = "<group>"; };
		15C8BA652A5D100000C12C98 /* ViewController.swift */ = {isa = PBXFileReference; lastKnownFileType = sourcecode.swift; path = ViewController.swift; sourceTree = "<group>"; };
		15C8BA692A5D276800C12C98 /* Location.swift */ = {isa = PBXFileReference; lastKnownFileType = sourcecode.swift; path = Location.swift; sourceTree = "<group>"; };
		15C8BA6C2A5D368900C12C98 /* CategoryCollectionView.swift */ = {isa = PBXFileReference; lastKnownFileType = sourcecode.swift; path = CategoryCollectionView.swift; sourceTree = "<group>"; };
		15C8BA6F2A5D36BC00C12C98 /* ModelCategory.swift */ = {isa = PBXFileReference; lastKnownFileType = sourcecode.swift; path = ModelCategory.swift; sourceTree = "<group>"; };
		15C8BA712A5D36CF00C12C98 /* CategoryCollectionViewCell.swift */ = {isa = PBXFileReference; lastKnownFileType = sourcecode.swift; path = CategoryCollectionViewCell.swift; sourceTree = "<group>"; };
		15C8BA742A5E45A600C12C98 /* CategoryViewController.swift */ = {isa = PBXFileReference; lastKnownFileType = sourcecode.swift; path = CategoryViewController.swift; sourceTree = "<group>"; };
		15C8BA762A5E45B400C12C98 /* CategoryPresenter.swift */ = {isa = PBXFileReference; lastKnownFileType = sourcecode.swift; path = CategoryPresenter.swift; sourceTree = "<group>"; };
		15C8BA782A5E45BF00C12C98 /* CategoryInteractor.swift */ = {isa = PBXFileReference; lastKnownFileType = sourcecode.swift; path = CategoryInteractor.swift; sourceTree = "<group>"; };
		15C8BA7A2A5E45D200C12C98 /* CategoryRouter.swift */ = {isa = PBXFileReference; lastKnownFileType = sourcecode.swift; path = CategoryRouter.swift; sourceTree = "<group>"; };
		15C8BA7C2A5E45E000C12C98 /* CategoryConfigurator.swift */ = {isa = PBXFileReference; lastKnownFileType = sourcecode.swift; path = CategoryConfigurator.swift; sourceTree = "<group>"; };
		15C8BA802A5E530900C12C98 /* CategoryProductCollectionView.swift */ = {isa = PBXFileReference; lastKnownFileType = sourcecode.swift; path = CategoryProductCollectionView.swift; sourceTree = "<group>"; };
		15C8BA822A5E531300C12C98 /* CategoryProductCollectionViewCell.swift */ = {isa = PBXFileReference; lastKnownFileType = sourcecode.swift; path = CategoryProductCollectionViewCell.swift; sourceTree = "<group>"; };
		15C8BA852A5E57D000C12C98 /* ProductCollectionViewCell.swift */ = {isa = PBXFileReference; lastKnownFileType = sourcecode.swift; path = ProductCollectionViewCell.swift; sourceTree = "<group>"; };
		15C8BA872A5E57DA00C12C98 /* ProductCollectionView.swift */ = {isa = PBXFileReference; lastKnownFileType = sourcecode.swift; path = ProductCollectionView.swift; sourceTree = "<group>"; };
		15C8BA8B2A5E7EAE00C12C98 /* ProductViewController.swift */ = {isa = PBXFileReference; lastKnownFileType = sourcecode.swift; path = ProductViewController.swift; sourceTree = "<group>"; };
		15C8BA8D2A5E7EBC00C12C98 /* ProductPresenter.swift */ = {isa = PBXFileReference; lastKnownFileType = sourcecode.swift; path = ProductPresenter.swift; sourceTree = "<group>"; };
		15C8BA8F2A5E7ECB00C12C98 /* ProductInteractor.swift */ = {isa = PBXFileReference; lastKnownFileType = sourcecode.swift; path = ProductInteractor.swift; sourceTree = "<group>"; };
		15C8BA912A5E7ED700C12C98 /* ProductRouter.swift */ = {isa = PBXFileReference; lastKnownFileType = sourcecode.swift; path = ProductRouter.swift; sourceTree = "<group>"; };
		15C8BA932A5E7EE500C12C98 /* ProductConfigurator.swift */ = {isa = PBXFileReference; lastKnownFileType = sourcecode.swift; path = ProductConfigurator.swift; sourceTree = "<group>"; };
		15C8BA952A5E80B300C12C98 /* ProductView.swift */ = {isa = PBXFileReference; lastKnownFileType = sourcecode.swift; path = ProductView.swift; sourceTree = "<group>"; };
/* End PBXFileReference section */

/* Begin PBXFrameworksBuildPhase section */
		15453B872A5D04230087A8B8 /* Frameworks */ = {
			isa = PBXFrameworksBuildPhase;
			buildActionMask = 2147483647;
			files = (
			);
			runOnlyForDeploymentPostprocessing = 0;
		};
/* End PBXFrameworksBuildPhase section */

/* Begin PBXGroup section */
		15453B812A5D04230087A8B8 = {
			isa = PBXGroup;
			children = (
				15453B8C2A5D04230087A8B8 /* FoodOrder */,
				15453B8B2A5D04230087A8B8 /* Products */,
			);
			sourceTree = "<group>";
		};
		15453B8B2A5D04230087A8B8 /* Products */ = {
			isa = PBXGroup;
			children = (
				15453B8A2A5D04230087A8B8 /* FoodOrder.app */,
			);
			name = Products;
			sourceTree = "<group>";
		};
		15453B8C2A5D04230087A8B8 /* FoodOrder */ = {
			isa = PBXGroup;
			children = (
				15C8BA5E2A5D0D3D00C12C98 /* Views */,
				15C8BA542A5D08AA00C12C98 /* Modules */,
				15453B8D2A5D04230087A8B8 /* AppDelegate.swift */,
				15453B8F2A5D04230087A8B8 /* SceneDelegate.swift */,
				15C8BA652A5D100000C12C98 /* ViewController.swift */,
				15453B932A5D04230087A8B8 /* Main.storyboard */,
				15453B992A5D04250087A8B8 /* Assets.xcassets */,
				15453B9B2A5D04250087A8B8 /* LaunchScreen.storyboard */,
				15453B9E2A5D04250087A8B8 /* Info.plist */,
				15453B962A5D04230087A8B8 /* FoodOrder.xcdatamodeld */,
			);
			path = FoodOrder;
			sourceTree = "<group>";
		};
		15C8BA532A5D085E00C12C98 /* Main */ = {
			isa = PBXGroup;
			children = (
				15453B912A5D04230087A8B8 /* MainViewController.swift */,
				15C8BA552A5D08DF00C12C98 /* MainPresenter.swift */,
				15C8BA582A5D08FF00C12C98 /* MainInteractor.swift */,
				15C8BA5A2A5D091300C12C98 /* MainRouter.swift */,
				15C8BA5C2A5D092C00C12C98 /* MainConfigurator.swift */,
			);
			path = Main;
			sourceTree = "<group>";
		};
		15C8BA542A5D08AA00C12C98 /* Modules */ = {
			isa = PBXGroup;
			children = (
				15C8BA8A2A5E7E8500C12C98 /* Product */,
				15C8BA732A5E459100C12C98 /* Category */,
				15C8BA532A5D085E00C12C98 /* Main */,
			);
			path = Modules;
			sourceTree = "<group>";
		};
		15C8BA5E2A5D0D3D00C12C98 /* Views */ = {
			isa = PBXGroup;
			children = (
				15C8BA842A5E57B900C12C98 /* ProductCollectionView */,
				15C8BA7E2A5E516300C12C98 /* CategoryProductCollectionView */,
				15C8BA6B2A5D367F00C12C98 /* CategoryCollectionView */,
				15C8BA622A5D0FA600C12C98 /* TabBarView */,
				15C8BA5F2A5D0D4A00C12C98 /* NavigationBarView */,
				15C8BA952A5E80B300C12C98 /* ProductView.swift */,
			);
			path = Views;
			sourceTree = "<group>";
		};
		15C8BA5F2A5D0D4A00C12C98 /* NavigationBarView */ = {
			isa = PBXGroup;
			children = (
				15C8BA602A5D0D7400C12C98 /* NavigationBarView.swift */,
				15C8BA692A5D276800C12C98 /* Location.swift */,
			);
			path = NavigationBarView;
			sourceTree = "<group>";
		};
		15C8BA622A5D0FA600C12C98 /* TabBarView */ = {
			isa = PBXGroup;
			children = (
				15C8BA632A5D0FB700C12C98 /* TabBarViewController.swift */,
			);
			path = TabBarView;
			sourceTree = "<group>";
		};
		15C8BA6B2A5D367F00C12C98 /* CategoryCollectionView */ = {
			isa = PBXGroup;
			children = (
				15C8BA6E2A5D36AB00C12C98 /* Model */,
				15C8BA6C2A5D368900C12C98 /* CategoryCollectionView.swift */,
				15C8BA712A5D36CF00C12C98 /* CategoryCollectionViewCell.swift */,
			);
			path = CategoryCollectionView;
			sourceTree = "<group>";
		};
		15C8BA6E2A5D36AB00C12C98 /* Model */ = {
			isa = PBXGroup;
			children = (
				15C8BA6F2A5D36BC00C12C98 /* ModelCategory.swift */,
			);
			path = Model;
			sourceTree = "<group>";
		};
		15C8BA732A5E459100C12C98 /* Category */ = {
			isa = PBXGroup;
			children = (
				15C8BA742A5E45A600C12C98 /* CategoryViewController.swift */,
				15C8BA762A5E45B400C12C98 /* CategoryPresenter.swift */,
				15C8BA782A5E45BF00C12C98 /* CategoryInteractor.swift */,
				15C8BA7A2A5E45D200C12C98 /* CategoryRouter.swift */,
				15C8BA7C2A5E45E000C12C98 /* CategoryConfigurator.swift */,
			);
			path = Category;
			sourceTree = "<group>";
		};
		15C8BA7E2A5E516300C12C98 /* CategoryProductCollectionView */ = {
			isa = PBXGroup;
			children = (
				15C8BA7F2A5E52F100C12C98 /* Model */,
			);
			path = CategoryProductCollectionView;
			sourceTree = "<group>";
		};
		15C8BA7F2A5E52F100C12C98 /* Model */ = {
			isa = PBXGroup;
			children = (
				15C8BA802A5E530900C12C98 /* CategoryProductCollectionView.swift */,
				15C8BA822A5E531300C12C98 /* CategoryProductCollectionViewCell.swift */,
			);
			path = Model;
			sourceTree = "<group>";
		};
		15C8BA842A5E57B900C12C98 /* ProductCollectionView */ = {
			isa = PBXGroup;
			children = (
				15C8BA892A5E73AF00C12C98 /* Model */,
			);
			path = ProductCollectionView;
			sourceTree = "<group>";
		};
		15C8BA892A5E73AF00C12C98 /* Model */ = {
			isa = PBXGroup;
			children = (
				15C8BA872A5E57DA00C12C98 /* ProductCollectionView.swift */,
				15C8BA852A5E57D000C12C98 /* ProductCollectionViewCell.swift */,
			);
			path = Model;
			sourceTree = "<group>";
		};
		15C8BA8A2A5E7E8500C12C98 /* Product */ = {
			isa = PBXGroup;
			children = (
				15C8BA8B2A5E7EAE00C12C98 /* ProductViewController.swift */,
				15C8BA8D2A5E7EBC00C12C98 /* ProductPresenter.swift */,
				15C8BA8F2A5E7ECB00C12C98 /* ProductInteractor.swift */,
				15C8BA912A5E7ED700C12C98 /* ProductRouter.swift */,
				15C8BA932A5E7EE500C12C98 /* ProductConfigurator.swift */,
			);
			path = Product;
			sourceTree = "<group>";
		};
/* End PBXGroup section */

/* Begin PBXNativeTarget section */
		15453B892A5D04230087A8B8 /* FoodOrder */ = {
			isa = PBXNativeTarget;
			buildConfigurationList = 15453BA12A5D04250087A8B8 /* Build configuration list for PBXNativeTarget "FoodOrder" */;
			buildPhases = (
				15453B862A5D04230087A8B8 /* Sources */,
				15453B872A5D04230087A8B8 /* Frameworks */,
				15453B882A5D04230087A8B8 /* Resources */,
			);
			buildRules = (
			);
			dependencies = (
			);
			name = FoodOrder;
			productName = FoodOrder;
			productReference = 15453B8A2A5D04230087A8B8 /* FoodOrder.app */;
			productType = "com.apple.product-type.application";
		};
/* End PBXNativeTarget section */

/* Begin PBXProject section */
		15453B822A5D04230087A8B8 /* Project object */ = {
			isa = PBXProject;
			attributes = {
				BuildIndependentTargetsInParallel = 1;
				LastSwiftUpdateCheck = 1420;
				LastUpgradeCheck = 1420;
				TargetAttributes = {
					15453B892A5D04230087A8B8 = {
						CreatedOnToolsVersion = 14.2;
					};
				};
			};
			buildConfigurationList = 15453B852A5D04230087A8B8 /* Build configuration list for PBXProject "FoodOrder" */;
			compatibilityVersion = "Xcode 14.0";
			developmentRegion = en;
			hasScannedForEncodings = 0;
			knownRegions = (
				en,
				Base,
			);
			mainGroup = 15453B812A5D04230087A8B8;
			productRefGroup = 15453B8B2A5D04230087A8B8 /* Products */;
			projectDirPath = "";
			projectRoot = "";
			targets = (
				15453B892A5D04230087A8B8 /* FoodOrder */,
			);
		};
/* End PBXProject section */

/* Begin PBXResourcesBuildPhase section */
		15453B882A5D04230087A8B8 /* Resources */ = {
			isa = PBXResourcesBuildPhase;
			buildActionMask = 2147483647;
			files = (
				15453B9D2A5D04250087A8B8 /* LaunchScreen.storyboard in Resources */,
				15453B9A2A5D04250087A8B8 /* Assets.xcassets in Resources */,
				15453B952A5D04230087A8B8 /* Main.storyboard in Resources */,
			);
			runOnlyForDeploymentPostprocessing = 0;
		};
/* End PBXResourcesBuildPhase section */

/* Begin PBXSourcesBuildPhase section */
		15453B862A5D04230087A8B8 /* Sources */ = {
			isa = PBXSourcesBuildPhase;
			buildActionMask = 2147483647;
			files = (
				15C8BA562A5D08DF00C12C98 /* MainPresenter.swift in Sources */,
				15C8BA722A5D36CF00C12C98 /* CategoryCollectionViewCell.swift in Sources */,
				15C8BA5D2A5D092C00C12C98 /* MainConfigurator.swift in Sources */,
				15C8BA5B2A5D091300C12C98 /* MainRouter.swift in Sources */,
				15C8BA772A5E45B400C12C98 /* CategoryPresenter.swift in Sources */,
				15C8BA812A5E530900C12C98 /* CategoryProductCollectionView.swift in Sources */,
				15C8BA752A5E45A600C12C98 /* CategoryViewController.swift in Sources */,
				15C8BA792A5E45BF00C12C98 /* CategoryInteractor.swift in Sources */,
				15C8BA592A5D08FF00C12C98 /* MainInteractor.swift in Sources */,
				15C8BA862A5E57D000C12C98 /* ProductCollectionViewCell.swift in Sources */,
				15C8BA962A5E80B300C12C98 /* ProductView.swift in Sources */,
				15C8BA8E2A5E7EBC00C12C98 /* ProductPresenter.swift in Sources */,
				15C8BA6D2A5D368900C12C98 /* CategoryCollectionView.swift in Sources */,
				15C8BA922A5E7ED700C12C98 /* ProductRouter.swift in Sources */,
				15C8BA662A5D100000C12C98 /* ViewController.swift in Sources */,
				15C8BA7D2A5E45E000C12C98 /* CategoryConfigurator.swift in Sources */,
				15453B922A5D04230087A8B8 /* MainViewController.swift in Sources */,
				15C8BA702A5D36BC00C12C98 /* ModelCategory.swift in Sources */,
				15C8BA942A5E7EE500C12C98 /* ProductConfigurator.swift in Sources */,
				15C8BA7B2A5E45D200C12C98 /* CategoryRouter.swift in Sources */,
				15453B8E2A5D04230087A8B8 /* AppDelegate.swift in Sources */,
				15453B982A5D04230087A8B8 /* FoodOrder.xcdatamodeld in Sources */,
				15C8BA902A5E7ECB00C12C98 /* ProductInteractor.swift in Sources */,
				15453B902A5D04230087A8B8 /* SceneDelegate.swift in Sources */,
				15C8BA642A5D0FB700C12C98 /* TabBarViewController.swift in Sources */,
				15C8BA6A2A5D276800C12C98 /* Location.swift in Sources */,
				15C8BA832A5E531300C12C98 /* CategoryProductCollectionViewCell.swift in Sources */,
				15C8BA882A5E57DA00C12C98 /* ProductCollectionView.swift in Sources */,
				15C8BA8C2A5E7EAE00C12C98 /* ProductViewController.swift in Sources */,
				15C8BA612A5D0D7400C12C98 /* NavigationBarView.swift in Sources */,
			);
			runOnlyForDeploymentPostprocessing = 0;
		};
/* End PBXSourcesBuildPhase section */

/* Begin PBXVariantGroup section */
		15453B932A5D04230087A8B8 /* Main.storyboard */ = {
			isa = PBXVariantGroup;
			children = (
				15453B942A5D04230087A8B8 /* Base */,
			);
			name = Main.storyboard;
			sourceTree = "<group>";
		};
		15453B9B2A5D04250087A8B8 /* LaunchScreen.storyboard */ = {
			isa = PBXVariantGroup;
			children = (
				15453B9C2A5D04250087A8B8 /* Base */,
			);
			name = LaunchScreen.storyboard;
			sourceTree = "<group>";
		};
/* End PBXVariantGroup section */

/* Begin XCBuildConfiguration section */
		15453B9F2A5D04250087A8B8 /* Debug */ = {
			isa = XCBuildConfiguration;
			buildSettings = {
				ALWAYS_SEARCH_USER_PATHS = NO;
				CLANG_ANALYZER_NONNULL = YES;
				CLANG_ANALYZER_NUMBER_OBJECT_CONVERSION = YES_AGGRESSIVE;
				CLANG_CXX_LANGUAGE_STANDARD = "gnu++20";
				CLANG_ENABLE_MODULES = YES;
				CLANG_ENABLE_OBJC_ARC = YES;
				CLANG_ENABLE_OBJC_WEAK = YES;
				CLANG_WARN_BLOCK_CAPTURE_AUTORELEASING = YES;
				CLANG_WARN_BOOL_CONVERSION = YES;
				CLANG_WARN_COMMA = YES;
				CLANG_WARN_CONSTANT_CONVERSION = YES;
				CLANG_WARN_DEPRECATED_OBJC_IMPLEMENTATIONS = YES;
				CLANG_WARN_DIRECT_OBJC_ISA_USAGE = YES_ERROR;
				CLANG_WARN_DOCUMENTATION_COMMENTS = YES;
				CLANG_WARN_EMPTY_BODY = YES;
				CLANG_WARN_ENUM_CONVERSION = YES;
				CLANG_WARN_INFINITE_RECURSION = YES;
				CLANG_WARN_INT_CONVERSION = YES;
				CLANG_WARN_NON_LITERAL_NULL_CONVERSION = YES;
				CLANG_WARN_OBJC_IMPLICIT_RETAIN_SELF = YES;
				CLANG_WARN_OBJC_LITERAL_CONVERSION = YES;
				CLANG_WARN_OBJC_ROOT_CLASS = YES_ERROR;
				CLANG_WARN_QUOTED_INCLUDE_IN_FRAMEWORK_HEADER = YES;
				CLANG_WARN_RANGE_LOOP_ANALYSIS = YES;
				CLANG_WARN_STRICT_PROTOTYPES = YES;
				CLANG_WARN_SUSPICIOUS_MOVE = YES;
				CLANG_WARN_UNGUARDED_AVAILABILITY = YES_AGGRESSIVE;
				CLANG_WARN_UNREACHABLE_CODE = YES;
				CLANG_WARN__DUPLICATE_METHOD_MATCH = YES;
				COPY_PHASE_STRIP = NO;
				DEBUG_INFORMATION_FORMAT = dwarf;
				ENABLE_STRICT_OBJC_MSGSEND = YES;
				ENABLE_TESTABILITY = YES;
				GCC_C_LANGUAGE_STANDARD = gnu11;
				GCC_DYNAMIC_NO_PIC = NO;
				GCC_NO_COMMON_BLOCKS = YES;
				GCC_OPTIMIZATION_LEVEL = 0;
				GCC_PREPROCESSOR_DEFINITIONS = (
					"DEBUG=1",
					"$(inherited)",
				);
				GCC_WARN_64_TO_32_BIT_CONVERSION = YES;
				GCC_WARN_ABOUT_RETURN_TYPE = YES_ERROR;
				GCC_WARN_UNDECLARED_SELECTOR = YES;
				GCC_WARN_UNINITIALIZED_AUTOS = YES_AGGRESSIVE;
				GCC_WARN_UNUSED_FUNCTION = YES;
				GCC_WARN_UNUSED_VARIABLE = YES;
				IPHONEOS_DEPLOYMENT_TARGET = 16.2;
				MTL_ENABLE_DEBUG_INFO = INCLUDE_SOURCE;
				MTL_FAST_MATH = YES;
				ONLY_ACTIVE_ARCH = YES;
				SDKROOT = iphoneos;
				SWIFT_ACTIVE_COMPILATION_CONDITIONS = DEBUG;
				SWIFT_OPTIMIZATION_LEVEL = "-Onone";
			};
			name = Debug;
		};
		15453BA02A5D04250087A8B8 /* Release */ = {
			isa = XCBuildConfiguration;
			buildSettings = {
				ALWAYS_SEARCH_USER_PATHS = NO;
				CLANG_ANALYZER_NONNULL = YES;
				CLANG_ANALYZER_NUMBER_OBJECT_CONVERSION = YES_AGGRESSIVE;
				CLANG_CXX_LANGUAGE_STANDARD = "gnu++20";
				CLANG_ENABLE_MODULES = YES;
				CLANG_ENABLE_OBJC_ARC = YES;
				CLANG_ENABLE_OBJC_WEAK = YES;
				CLANG_WARN_BLOCK_CAPTURE_AUTORELEASING = YES;
				CLANG_WARN_BOOL_CONVERSION = YES;
				CLANG_WARN_COMMA = YES;
				CLANG_WARN_CONSTANT_CONVERSION = YES;
				CLANG_WARN_DEPRECATED_OBJC_IMPLEMENTATIONS = YES;
				CLANG_WARN_DIRECT_OBJC_ISA_USAGE = YES_ERROR;
				CLANG_WARN_DOCUMENTATION_COMMENTS = YES;
				CLANG_WARN_EMPTY_BODY = YES;
				CLANG_WARN_ENUM_CONVERSION = YES;
				CLANG_WARN_INFINITE_RECURSION = YES;
				CLANG_WARN_INT_CONVERSION = YES;
				CLANG_WARN_NON_LITERAL_NULL_CONVERSION = YES;
				CLANG_WARN_OBJC_IMPLICIT_RETAIN_SELF = YES;
				CLANG_WARN_OBJC_LITERAL_CONVERSION = YES;
				CLANG_WARN_OBJC_ROOT_CLASS = YES_ERROR;
				CLANG_WARN_QUOTED_INCLUDE_IN_FRAMEWORK_HEADER = YES;
				CLANG_WARN_RANGE_LOOP_ANALYSIS = YES;
				CLANG_WARN_STRICT_PROTOTYPES = YES;
				CLANG_WARN_SUSPICIOUS_MOVE = YES;
				CLANG_WARN_UNGUARDED_AVAILABILITY = YES_AGGRESSIVE;
				CLANG_WARN_UNREACHABLE_CODE = YES;
				CLANG_WARN__DUPLICATE_METHOD_MATCH = YES;
				COPY_PHASE_STRIP = NO;
				DEBUG_INFORMATION_FORMAT = "dwarf-with-dsym";
				ENABLE_NS_ASSERTIONS = NO;
				ENABLE_STRICT_OBJC_MSGSEND = YES;
				GCC_C_LANGUAGE_STANDARD = gnu11;
				GCC_NO_COMMON_BLOCKS = YES;
				GCC_WARN_64_TO_32_BIT_CONVERSION = YES;
				GCC_WARN_ABOUT_RETURN_TYPE = YES_ERROR;
				GCC_WARN_UNDECLARED_SELECTOR = YES;
				GCC_WARN_UNINITIALIZED_AUTOS = YES_AGGRESSIVE;
				GCC_WARN_UNUSED_FUNCTION = YES;
				GCC_WARN_UNUSED_VARIABLE = YES;
				IPHONEOS_DEPLOYMENT_TARGET = 16.2;
				MTL_ENABLE_DEBUG_INFO = NO;
				MTL_FAST_MATH = YES;
				SDKROOT = iphoneos;
				SWIFT_COMPILATION_MODE = wholemodule;
				SWIFT_OPTIMIZATION_LEVEL = "-O";
				VALIDATE_PRODUCT = YES;
			};
			name = Release;
		};
		15453BA22A5D04250087A8B8 /* Debug */ = {
			isa = XCBuildConfiguration;
			buildSettings = {
				ASSETCATALOG_COMPILER_APPICON_NAME = AppIcon;
				ASSETCATALOG_COMPILER_GLOBAL_ACCENT_COLOR_NAME = AccentColor;
				CODE_SIGN_STYLE = Automatic;
				CURRENT_PROJECT_VERSION = 1;
				GENERATE_INFOPLIST_FILE = YES;
				INFOPLIST_FILE = FoodOrder/Info.plist;
				INFOPLIST_KEY_NSLocationUsageDescription = "$(DEVELOPMENT_LANGUAGE)";
				INFOPLIST_KEY_UIApplicationSupportsIndirectInputEvents = YES;
				INFOPLIST_KEY_UILaunchStoryboardName = LaunchScreen;
				INFOPLIST_KEY_UIMainStoryboardFile = Main;
				INFOPLIST_KEY_UISupportedInterfaceOrientations_iPad = "UIInterfaceOrientationPortrait UIInterfaceOrientationPortraitUpsideDown UIInterfaceOrientationLandscapeLeft UIInterfaceOrientationLandscapeRight";
				INFOPLIST_KEY_UISupportedInterfaceOrientations_iPhone = "UIInterfaceOrientationPortrait UIInterfaceOrientationLandscapeLeft UIInterfaceOrientationLandscapeRight";
				IPHONEOS_DEPLOYMENT_TARGET = 13.0;
				LD_RUNPATH_SEARCH_PATHS = (
					"$(inherited)",
					"@executable_path/Frameworks",
				);
				MARKETING_VERSION = 1.0;
				PRODUCT_BUNDLE_IDENTIFIER = unicorn.FoodOrder;
				PRODUCT_NAME = "$(TARGET_NAME)";
				SWIFT_EMIT_LOC_STRINGS = YES;
				SWIFT_VERSION = 5.0;
				TARGETED_DEVICE_FAMILY = "1,2";
			};
			name = Debug;
		};
		15453BA32A5D04250087A8B8 /* Release */ = {
			isa = XCBuildConfiguration;
			buildSettings = {
				ASSETCATALOG_COMPILER_APPICON_NAME = AppIcon;
				ASSETCATALOG_COMPILER_GLOBAL_ACCENT_COLOR_NAME = AccentColor;
				CODE_SIGN_STYLE = Automatic;
				CURRENT_PROJECT_VERSION = 1;
				GENERATE_INFOPLIST_FILE = YES;
				INFOPLIST_FILE = FoodOrder/Info.plist;
				INFOPLIST_KEY_NSLocationUsageDescription = "$(DEVELOPMENT_LANGUAGE)";
				INFOPLIST_KEY_UIApplicationSupportsIndirectInputEvents = YES;
				INFOPLIST_KEY_UILaunchStoryboardName = LaunchScreen;
				INFOPLIST_KEY_UIMainStoryboardFile = Main;
				INFOPLIST_KEY_UISupportedInterfaceOrientations_iPad = "UIInterfaceOrientationPortrait UIInterfaceOrientationPortraitUpsideDown UIInterfaceOrientationLandscapeLeft UIInterfaceOrientationLandscapeRight";
				INFOPLIST_KEY_UISupportedInterfaceOrientations_iPhone = "UIInterfaceOrientationPortrait UIInterfaceOrientationLandscapeLeft UIInterfaceOrientationLandscapeRight";
				IPHONEOS_DEPLOYMENT_TARGET = 13.0;
				LD_RUNPATH_SEARCH_PATHS = (
					"$(inherited)",
					"@executable_path/Frameworks",
				);
				MARKETING_VERSION = 1.0;
				PRODUCT_BUNDLE_IDENTIFIER = unicorn.FoodOrder;
				PRODUCT_NAME = "$(TARGET_NAME)";
				SWIFT_EMIT_LOC_STRINGS = YES;
				SWIFT_VERSION = 5.0;
				TARGETED_DEVICE_FAMILY = "1,2";
			};
			name = Release;
		};
/* End XCBuildConfiguration section */

/* Begin XCConfigurationList section */
		15453B852A5D04230087A8B8 /* Build configuration list for PBXProject "FoodOrder" */ = {
			isa = XCConfigurationList;
			buildConfigurations = (
				15453B9F2A5D04250087A8B8 /* Debug */,
				15453BA02A5D04250087A8B8 /* Release */,
			);
			defaultConfigurationIsVisible = 0;
			defaultConfigurationName = Release;
		};
		15453BA12A5D04250087A8B8 /* Build configuration list for PBXNativeTarget "FoodOrder" */ = {
			isa = XCConfigurationList;
			buildConfigurations = (
				15453BA22A5D04250087A8B8 /* Debug */,
				15453BA32A5D04250087A8B8 /* Release */,
			);
			defaultConfigurationIsVisible = 0;
			defaultConfigurationName = Release;
		};
/* End XCConfigurationList section */

/* Begin XCVersionGroup section */
		15453B962A5D04230087A8B8 /* FoodOrder.xcdatamodeld */ = {
			isa = XCVersionGroup;
			children = (
				15453B972A5D04230087A8B8 /* FoodOrder.xcdatamodel */,
			);
			currentVersion = 15453B972A5D04230087A8B8 /* FoodOrder.xcdatamodel */;
			path = FoodOrder.xcdatamodeld;
			sourceTree = "<group>";
			versionGroupType = wrapper.xcdatamodel;
		};
/* End XCVersionGroup section */
	};
	rootObject = 15453B822A5D04230087A8B8 /* Project object */;
}
